
Microsoft Visual Studio Solution File, Format Version 12.00
# Visual Studio Version 17
VisualStudioVersion = 17.1.32421.90
MinimumVisualStudioVersion = 10.0.40219.1
Project("{FAE04EC0-301F-11D3-BF4B-00C04F79EFBC}") = "MyShop_WebApp", "MyShop_WebApp\MyShop_WebApp.csproj", "{3789FC22-86AB-4B33-9B2E-F503CDC9B1C6}"
EndProject
Global
	GlobalSection(SolutionConfigurationPlatforms) = preSolution
		Debug|Any CPU = Debug|Any CPU
		Release|Any CPU = Release|Any CPU
	EndGlobalSection
	GlobalSection(ProjectConfigurationPlatforms) = postSolution
		{3789FC22-86AB-4B33-9B2E-F503CDC9B1C6}.Debug|Any CPU.ActiveCfg = Debug|Any CPU
		{3789FC22-86AB-4B33-9B2E-F503CDC9B1C6}.Debug|Any CPU.Build.0 = Debug|Any CPU
		{3789FC22-86AB-4B33-9B2E-F503CDC9B1C6}.Release|Any CPU.ActiveCfg = Release|Any CPU
		{3789FC22-86AB-4B33-9B2E-F503CDC9B1C6}.Release|Any CPU.Build.0 = Release|Any CPU
	EndGlobalSection
	GlobalSection(SolutionProperties) = preSolution
		HideSolutionNode = FALSE
	EndGlobalSection
	GlobalSection(ExtensibilityGlobals) = postSolution
		SolutionGuid = {8D034947-BB39-43DB-9CDD-B41D59C1C439}
	EndGlobalSection
EndGlobal
